// !$*UTF8*$!
{
	archiveVersion = 1;
	classes = {
	};
	objectVersion = 46;
	objects = {

/* Begin PBXBuildFile section */
		F1D1978D1E92F1AB003CA409 /* AppDelegate.swift in Sources */ = {isa = PBXBuildFile; fileRef = F1D1978C1E92F1AB003CA409 /* AppDelegate.swift */; };
		F1D1978F1E92F1AB003CA409 /* NearMeViewController.swift in Sources */ = {isa = PBXBuildFile; fileRef = F1D1978E1E92F1AB003CA409 /* NearMeViewController.swift */; };
		F1D197921E92F1AB003CA409 /* Main.storyboard in Resources */ = {isa = PBXBuildFile; fileRef = F1D197901E92F1AB003CA409 /* Main.storyboard */; };
		F1D197941E92F1AB003CA409 /* Assets.xcassets in Resources */ = {isa = PBXBuildFile; fileRef = F1D197931E92F1AB003CA409 /* Assets.xcassets */; };
		F1D197971E92F1AB003CA409 /* LaunchScreen.storyboard in Resources */ = {isa = PBXBuildFile; fileRef = F1D197951E92F1AB003CA409 /* LaunchScreen.storyboard */; };
		FA9E5C5B1EAE7A32001F9FFF /* HomeViewController.swift in Sources */ = {isa = PBXBuildFile; fileRef = FA9E5C5A1EAE7A32001F9FFF /* HomeViewController.swift */; };
		FAB575161EA11B710099289D /* SettingViewController.swift in Sources */ = {isa = PBXBuildFile; fileRef = FAB575151EA11B710099289D /* SettingViewController.swift */; };
		FAB5751A1EA175E60099289D /* FoodViewController.swift in Sources */ = {isa = PBXBuildFile; fileRef = FAB575191EA175E60099289D /* FoodViewController.swift */; };
		FAF705FA1E9EAA870006494C /* FavoritesViewController.swift in Sources */ = {isa = PBXBuildFile; fileRef = FAF705F91E9EAA870006494C /* FavoritesViewController.swift */; };
/* End PBXBuildFile section */

/* Begin PBXFileReference section */
		F1D197891E92F1AB003CA409 /* FoodFinder.app */ = {isa = PBXFileReference; explicitFileType = wrapper.application; includeInIndex = 0; path = FoodFinder.app; sourceTree = BUILT_PRODUCTS_DIR; };
		F1D1978C1E92F1AB003CA409 /* AppDelegate.swift */ = {isa = PBXFileReference; lastKnownFileType = sourcecode.swift; path = AppDelegate.swift; sourceTree = "<group>"; };
		F1D1978E1E92F1AB003CA409 /* NearMeViewController.swift */ = {isa = PBXFileReference; lastKnownFileType = sourcecode.swift; path = NearMeViewController.swift; sourceTree = "<group>"; };
		F1D197911E92F1AB003CA409 /* Base */ = {isa = PBXFileReference; lastKnownFileType = file.storyboard; name = Base; path = Base.lproj/Main.storyboard; sourceTree = "<group>"; };
		F1D197931E92F1AB003CA409 /* Assets.xcassets */ = {isa = PBXFileReference; lastKnownFileType = folder.assetcatalog; path = Assets.xcassets; sourceTree = "<group>"; };
		F1D197961E92F1AB003CA409 /* Base */ = {isa = PBXFileReference; lastKnownFileType = file.storyboard; name = Base; path = Base.lproj/LaunchScreen.storyboard; sourceTree = "<group>"; };
		F1D197981E92F1AB003CA409 /* Info.plist */ = {isa = PBXFileReference; lastKnownFileType = text.plist.xml; path = Info.plist; sourceTree = "<group>"; };
		FA9E5C5A1EAE7A32001F9FFF /* HomeViewController.swift */ = {isa = PBXFileReference; fileEncoding = 4; lastKnownFileType = sourcecode.swift; path = HomeViewController.swift; sourceTree = "<group>"; };
		FAB575151EA11B710099289D /* SettingViewController.swift */ = {isa = PBXFileReference; fileEncoding = 4; lastKnownFileType = sourcecode.swift; path = SettingViewController.swift; sourceTree = "<group>"; };
		FAB575191EA175E60099289D /* FoodViewController.swift */ = {isa = PBXFileReference; fileEncoding = 4; lastKnownFileType = sourcecode.swift; path = FoodViewController.swift; sourceTree = "<group>"; };
		FAF705F91E9EAA870006494C /* FavoritesViewController.swift */ = {isa = PBXFileReference; fileEncoding = 4; lastKnownFileType = sourcecode.swift; path = FavoritesViewController.swift; sourceTree = "<group>"; };
/* End PBXFileReference section */

/* Begin PBXFrameworksBuildPhase section */
		F1D197861E92F1AB003CA409 /* Frameworks */ = {
			isa = PBXFrameworksBuildPhase;
			buildActionMask = 2147483647;
			files = (
			);
			runOnlyForDeploymentPostprocessing = 0;
		};
/* End PBXFrameworksBuildPhase section */

/* Begin PBXGroup section */
		F1D197801E92F1AB003CA409 = {
			isa = PBXGroup;
			children = (
				F1D1978B1E92F1AB003CA409 /* FoodFinder */,
				F1D1978A1E92F1AB003CA409 /* Products */,
			);
			sourceTree = "<group>";
		};
		F1D1978A1E92F1AB003CA409 /* Products */ = {
			isa = PBXGroup;
			children = (
				F1D197891E92F1AB003CA409 /* FoodFinder.app */,
			);
			name = Products;
			sourceTree = "<group>";
		};
		F1D1978B1E92F1AB003CA409 /* FoodFinder */ = {
			isa = PBXGroup;
			children = (
				F1D197901E92F1AB003CA409 /* Main.storyboard */,
				F1D197931E92F1AB003CA409 /* Assets.xcassets */,
				FA9E5C5A1EAE7A32001F9FFF /* HomeViewController.swift */,
				F1D1978C1E92F1AB003CA409 /* AppDelegate.swift */,
				F1D1978E1E92F1AB003CA409 /* NearMeViewController.swift */,
				FAF705F91E9EAA870006494C /* FavoritesViewController.swift */,
				FAB575191EA175E60099289D /* FoodViewController.swift */,
				FAB575151EA11B710099289D /* SettingViewController.swift */,
				F1D197951E92F1AB003CA409 /* LaunchScreen.storyboard */,
				F1D197981E92F1AB003CA409 /* Info.plist */,
			);
			path = FoodFinder;
			sourceTree = "<group>";
		};
/* End PBXGroup section */

/* Begin PBXNativeTarget section */
		F1D197881E92F1AB003CA409 /* FoodFinder */ = {
			isa = PBXNativeTarget;
			buildConfigurationList = F1D1979B1E92F1AB003CA409 /* Build configuration list for PBXNativeTarget "FoodFinder" */;
			buildPhases = (
				F1D197851E92F1AB003CA409 /* Sources */,
				F1D197861E92F1AB003CA409 /* Frameworks */,
				F1D197871E92F1AB003CA409 /* Resources */,
			);
			buildRules = (
			);
			dependencies = (
			);
			name = FoodFinder;
			productName = FoodFinder;
			productReference = F1D197891E92F1AB003CA409 /* FoodFinder.app */;
			productType = "com.apple.product-type.application";
		};
/* End PBXNativeTarget section */

/* Begin PBXProject section */
		F1D197811E92F1AB003CA409 /* Project object */ = {
			isa = PBXProject;
			attributes = {
				LastSwiftUpdateCheck = 0830;
				LastUpgradeCheck = 0830;
				ORGANIZATIONNAME = Milan;
				TargetAttributes = {
					F1D197881E92F1AB003CA409 = {
						CreatedOnToolsVersion = 8.3;
						DevelopmentTeam = KC8XZ4WM8S;
						ProvisioningStyle = Automatic;
					};
				};
			};
			buildConfigurationList = F1D197841E92F1AB003CA409 /* Build configuration list for PBXProject "FoodFinder" */;
			compatibilityVersion = "Xcode 3.2";
			developmentRegion = English;
			hasScannedForEncodings = 0;
			knownRegions = (
				en,
				Base,
			);
			mainGroup = F1D197801E92F1AB003CA409;
			productRefGroup = F1D1978A1E92F1AB003CA409 /* Products */;
			projectDirPath = "";
			projectRoot = "";
			targets = (
				F1D197881E92F1AB003CA409 /* FoodFinder */,
			);
		};
/* End PBXProject section */

/* Begin PBXResourcesBuildPhase section */
		F1D197871E92F1AB003CA409 /* Resources */ = {
			isa = PBXResourcesBuildPhase;
			buildActionMask = 2147483647;
			files = (
				F1D197971E92F1AB003CA409 /* LaunchScreen.storyboard in Resources */,
				F1D197941E92F1AB003CA409 /* Assets.xcassets in Resources */,
				F1D197921E92F1AB003CA409 /* Main.storyboard in Resources */,
			);
			runOnlyForDeploymentPostprocessing = 0;
		};
/* End PBXResourcesBuildPhase section */

/* Begin PBXSourcesBuildPhase section */
		F1D197851E92F1AB003CA409 /* Sources */ = {
			isa = PBXSourcesBuildPhase;
			buildActionMask = 2147483647;
			files = (
				F1D1978F1E92F1AB003CA409 /* NearMeViewController.swift in Sources */,
				FAB5751A1EA175E60099289D /* FoodViewController.swift in Sources */,
				FAF705FA1E9EAA870006494C /* FavoritesViewController.swift in Sources */,
				F1D1978D1E92F1AB003CA409 /* AppDelegate.swift in Sources */,
				FAB575161EA11B710099289D /* SettingViewController.swift in Sources */,
				FA9E5C5B1EAE7A32001F9FFF /* HomeViewController.swift in Sources */,
			);
			runOnlyForDeploymentPostprocessing = 0;
		};
/* End PBXSourcesBuildPhase section */

/* Begin PBXVariantGroup section */
		F1D197901E92F1AB003CA409 /* Main.storyboard */ = {
			isa = PBXVariantGroup;
			children = (
				F1D197911E92F1AB003CA409 /* Base */,
			);
			name = Main.storyboard;
			sourceTree = "<group>";
		};
		F1D197951E92F1AB003CA409 /* LaunchScreen.storyboard */ = {
			isa = PBXVariantGroup;
			children = (
				F1D197961E92F1AB003CA409 /* Base */,
			);
			name = LaunchScreen.storyboard;
			sourceTree = "<group>";
		};
/* End PBXVariantGroup section */

/* Begin XCBuildConfiguration section */
		F1D197991E92F1AB003CA409 /* Debug */ = {
			isa = XCBuildConfiguration;
			buildSettings = {
				ALWAYS_SEARCH_USER_PATHS = NO;
				CLANG_ANALYZER_NONNULL = YES;
				CLANG_ANALYZER_NUMBER_OBJECT_CONVERSION = YES_AGGRESSIVE;
				CLANG_CXX_LANGUAGE_STANDARD = "gnu++0x";
				CLANG_CXX_LIBRARY = "libc++";
				CLANG_ENABLE_MODULES = YES;
				CLANG_ENABLE_OBJC_ARC = YES;
				CLANG_WARN_BOOL_CONVERSION = YES;
				CLANG_WARN_CONSTANT_CONVERSION = YES;
				CLANG_WARN_DIRECT_OBJC_ISA_USAGE = YES_ERROR;
				CLANG_WARN_DOCUMENTATION_COMMENTS = YES;
				CLANG_WARN_EMPTY_BODY = YES;
				CLANG_WARN_ENUM_CONVERSION = YES;
				CLANG_WARN_INFINITE_RECURSION = YES;
				CLANG_WARN_INT_CONVERSION = YES;
				CLANG_WARN_OBJC_ROOT_CLASS = YES_ERROR;
				CLANG_WARN_SUSPICIOUS_MOVE = YES;
				CLANG_WARN_UNREACHABLE_CODE = YES;
				CLANG_WARN__DUPLICATE_METHOD_MATCH = YES;
				"CODE_SIGN_IDENTITY[sdk=iphoneos*]" = "iPhone Developer";
				COPY_PHASE_STRIP = NO;
				DEBUG_INFORMATION_FORMAT = dwarf;
				ENABLE_STRICT_OBJC_MSGSEND = YES;
				ENABLE_TESTABILITY = YES;
				GCC_C_LANGUAGE_STANDARD = gnu99;
				GCC_DYNAMIC_NO_PIC = NO;
				GCC_NO_COMMON_BLOCKS = YES;
				GCC_OPTIMIZATION_LEVEL = 0;
				GCC_PREPROCESSOR_DEFINITIONS = (
					"DEBUG=1",
					"$(inherited)",
				);
				GCC_WARN_64_TO_32_BIT_CONVERSION = YES;
				GCC_WARN_ABOUT_RETURN_TYPE = YES_ERROR;
				GCC_WARN_UNDECLARED_SELECTOR = YES;
				GCC_WARN_UNINITIALIZED_AUTOS = YES_AGGRESSIVE;
				GCC_WARN_UNUSED_FUNCTION = YES;
				GCC_WARN_UNUSED_VARIABLE = YES;
				IPHONEOS_DEPLOYMENT_TARGET = 10.3;
				MTL_ENABLE_DEBUG_INFO = YES;
				ONLY_ACTIVE_ARCH = YES;
				SDKROOT = iphoneos;
				SWIFT_ACTIVE_COMPILATION_CONDITIONS = DEBUG;
				SWIFT_OPTIMIZATION_LEVEL = "-Onone";
				TARGETED_DEVICE_FAMILY = "1,2";
			};
			name = Debug;
		};
		F1D1979A1E92F1AB003CA409 /* Release */ = {
			isa = XCBuildConfiguration;
			buildSettings = {
				ALWAYS_SEARCH_USER_PATHS = NO;
				CLANG_ANALYZER_NONNULL = YES;
				CLANG_ANALYZER_NUMBER_OBJECT_CONVERSION = YES_AGGRESSIVE;
				CLANG_CXX_LANGUAGE_STANDARD = "gnu++0x";
				CLANG_CXX_LIBRARY = "libc++";
				CLANG_ENABLE_MODULES = YES;
				CLANG_ENABLE_OBJC_ARC = YES;
				CLANG_WARN_BOOL_CONVERSION = YES;
				CLANG_WARN_CONSTANT_CONVERSION = YES;
				CLANG_WARN_DIRECT_OBJC_ISA_USAGE = YES_ERROR;
				CLANG_WARN_DOCUMENTATION_COMMENTS = YES;
				CLANG_WARN_EMPTY_BODY = YES;
				CLANG_WARN_ENUM_CONVERSION = YES;
				CLANG_WARN_INFINITE_RECURSION = YES;
				CLANG_WARN_INT_CONVERSION = YES;
				CLANG_WARN_OBJC_ROOT_CLASS = YES_ERROR;
				CLANG_WARN_SUSPICIOUS_MOVE = YES;
				CLANG_WARN_UNREACHABLE_CODE = YES;
				CLANG_WARN__DUPLICATE_METHOD_MATCH = YES;
				"CODE_SIGN_IDENTITY[sdk=iphoneos*]" = "iPhone Developer";
				COPY_PHASE_STRIP = NO;
				DEBUG_INFORMATION_FORMAT = "dwarf-with-dsym";
				ENABLE_NS_ASSERTIONS = NO;
				ENABLE_STRICT_OBJC_MSGSEND = YES;
				GCC_C_LANGUAGE_STANDARD = gnu99;
				GCC_NO_COMMON_BLOCKS = YES;
				GCC_WARN_64_TO_32_BIT_CONVERSION = YES;
				GCC_WARN_ABOUT_RETURN_TYPE = YES_ERROR;
				GCC_WARN_UNDECLARED_SELECTOR = YES;
				GCC_WARN_UNINITIALIZED_AUTOS = YES_AGGRESSIVE;
				GCC_WARN_UNUSED_FUNCTION = YES;
				GCC_WARN_UNUSED_VARIABLE = YES;
				IPHONEOS_DEPLOYMENT_TARGET = 10.3;
				MTL_ENABLE_DEBUG_INFO = NO;
				SDKROOT = iphoneos;
				SWIFT_OPTIMIZATION_LEVEL = "-Owholemodule";
				TARGETED_DEVICE_FAMILY = "1,2";
				VALIDATE_PRODUCT = YES;
			};
			name = Release;
		};
		F1D1979C1E92F1AB003CA409 /* Debug */ = {
			isa = XCBuildConfiguration;
			buildSettings = {
				ASSETCATALOG_COMPILER_APPICON_NAME = AppIcon;
				"CODE_SIGN_IDENTITY[sdk=iphoneos*]" = "iPhone Developer";
				DEVELOPMENT_TEAM = KC8XZ4WM8S;
				INFOPLIST_FILE = FoodFinder/Info.plist;
				LD_RUNPATH_SEARCH_PATHS = "$(inherited) @executable_path/Frameworks";
				PRODUCT_BUNDLE_IDENTIFIER = com.DillonDernerDev.FoodFinder;
				PRODUCT_NAME = "$(TARGET_NAME)";
				PROVISIONING_PROFILE = "";
				PROVISIONING_PROFILE_SPECIFIER = "";
				SWIFT_VERSION = 3.0;
			};
			name = Debug;
		};
		F1D1979D1E92F1AB003CA409 /* Release */ = {
			isa = XCBuildConfiguration;
			buildSettings = {
				ASSETCATALOG_COMPILER_APPICON_NAME = AppIcon;
				"CODE_SIGN_IDENTITY[sdk=iphoneos*]" = "iPhone Developer";
				DEVELOPMENT_TEAM = KC8XZ4WM8S;
				INFOPLIST_FILE = FoodFinder/Info.plist;
				LD_RUNPATH_SEARCH_PATHS = "$(inherited) @executable_path/Frameworks";
				PRODUCT_BUNDLE_IDENTIFIER = com.DillonDernerDev.FoodFinder;
				PRODUCT_NAME = "$(TARGET_NAME)";
				PROVISIONING_PROFILE = "";
				PROVISIONING_PROFILE_SPECIFIER = "";
				SWIFT_VERSION = 3.0;
			};
			name = Release;
		};
/* End XCBuildConfiguration section */

/* Begin XCConfigurationList section */
		F1D197841E92F1AB003CA409 /* Build configuration list for PBXProject "FoodFinder" */ = {
			isa = XCConfigurationList;
			buildConfigurations = (
				F1D197991E92F1AB003CA409 /* Debug */,
				F1D1979A1E92F1AB003CA409 /* Release */,
			);
			defaultConfigurationIsVisible = 0;
			defaultConfigurationName = Release;
		};
		F1D1979B1E92F1AB003CA409 /* Build configuration list for PBXNativeTarget "FoodFinder" */ = {
			isa = XCConfigurationList;
			buildConfigurations = (
				F1D1979C1E92F1AB003CA409 /* Debug */,
				F1D1979D1E92F1AB003CA409 /* Release */,
			);
			defaultConfigurationIsVisible = 0;
			defaultConfigurationName = Release;
		};
/* End XCConfigurationList section */
	};
	rootObject = F1D197811E92F1AB003CA409 /* Project object */;
}
